
Microsoft Visual Studio Solution File, Format Version 12.00
# Visual Studio Version 17
VisualStudioVersion = 17.12.35707.178 d17.12
MinimumVisualStudioVersion = 10.0.40219.1
Project("{FAE04EC0-301F-11D3-BF4B-00C04F79EFBC}") = "Ex12", "Ex12\Ex12.csproj", "{BCAEBBDC-E68F-40A1-AFF9-AD7F54ECC2D4}"
EndProject
Global
	GlobalSection(SolutionConfigurationPlatforms) = preSolution
		Debug|Any CPU = Debug|Any CPU
		Release|Any CPU = Release|Any CPU
	EndGlobalSection
	GlobalSection(ProjectConfigurationPlatforms) = postSolution
		{BCAEBBDC-E68F-40A1-AFF9-AD7F54ECC2D4}.Debug|Any CPU.ActiveCfg = Debug|Any CPU
		{BCAEBBDC-E68F-40A1-AFF9-AD7F54ECC2D4}.Debug|Any CPU.Build.0 = Debug|Any CPU
		{BCAEBBDC-E68F-40A1-AFF9-AD7F54ECC2D4}.Release|Any CPU.ActiveCfg = Release|Any CPU
		{BCAEBBDC-E68F-40A1-AFF9-AD7F54ECC2D4}.Release|Any CPU.Build.0 = Release|Any CPU
	EndGlobalSection
	GlobalSection(SolutionProperties) = preSolution
		HideSolutionNode = FALSE
	EndGlobalSection
EndGlobal
